Microsoft Visual Studio Solution File, Format Version 12.00
# Visual Studio Version 17
VisualStudioVersion = 17.9.34310.174
MinimumVisualStudioVersion = 10.0.40219.1
Project("{9A19103F-16F7-4668-BE54-9A1E7A4F7556}") = "Auth.AppHost", "src\Auth.AppHost\Auth.AppHost.csproj", "{D454CCF2-86D9-44D7-82EA-F47BAB5A381A}"
EndProject
Project("{9A19103F-16F7-4668-BE54-9A1E7A4F7556}") = "Auth.ServiceDefaults", "src\Auth.ServiceDefaults\Auth.ServiceDefaults.csproj", "{F8538CAE-7E9C-4EF5-A38F-339146E791FD}"
EndProject
Project("{2150E333-8FDC-42A3-9474-1A3956D46DE8}") = "src", "src", "{E4B42FC3-28F5-428E-B157-EA123407FC71}"
EndProject
Project("{9A19103F-16F7-4668-BE54-9A1E7A4F7556}") = "Auth.API", "src\Auth.API\Auth.API.csproj", "{CCB217E3-E6C5-46B3-A433-F2CF1160E283}"
EndProject
Project("{2150E333-8FDC-42A3-9474-1A3956D46DE8}") = "Solution Items", "Solution Items", "{AD95241F-E5CC-466B-B448-219147461B7C}"
	ProjectSection(SolutionItems) = preProject
		.gitignore = .gitignore
		README.md = README.md
	EndProjectSection
EndProject
Global
	GlobalSection(SolutionConfigurationPlatforms) = preSolution
		Debug|Any CPU = Debug|Any CPU
		Release|Any CPU = Release|Any CPU
	EndGlobalSection
	GlobalSection(ProjectConfigurationPlatforms) = postSolution
		{D454CCF2-86D9-44D7-82EA-F47BAB5A381A}.Debug|Any CPU.ActiveCfg = Debug|Any CPU
		{D454CCF2-86D9-44D7-82EA-F47BAB5A381A}.Debug|Any CPU.Build.0 = Debug|Any CPU
		{D454CCF2-86D9-44D7-82EA-F47BAB5A381A}.Release|Any CPU.ActiveCfg = Release|Any CPU
		{D454CCF2-86D9-44D7-82EA-F47BAB5A381A}.Release|Any CPU.Build.0 = Release|Any CPU
		{F8538CAE-7E9C-4EF5-A38F-339146E791FD}.Debug|Any CPU.ActiveCfg = Debug|Any CPU
		{F8538CAE-7E9C-4EF5-A38F-339146E791FD}.Debug|Any CPU.Build.0 = Debug|Any CPU
		{F8538CAE-7E9C-4EF5-A38F-339146E791FD}.Release|Any CPU.ActiveCfg = Release|Any CPU
		{F8538CAE-7E9C-4EF5-A38F-339146E791FD}.Release|Any CPU.Build.0 = Release|Any CPU
		{CCB217E3-E6C5-46B3-A433-F2CF1160E283}.Debug|Any CPU.ActiveCfg = Debug|Any CPU
		{CCB217E3-E6C5-46B3-A433-F2CF1160E283}.Debug|Any CPU.Build.0 = Debug|Any CPU
		{CCB217E3-E6C5-46B3-A433-F2CF1160E283}.Release|Any CPU.ActiveCfg = Release|Any CPU
		{CCB217E3-E6C5-46B3-A433-F2CF1160E283}.Release|Any CPU.Build.0 = Release|Any CPU
	EndGlobalSection
	GlobalSection(SolutionProperties) = preSolution
		HideSolutionNode = FALSE
	EndGlobalSection
	GlobalSection(NestedProjects) = preSolution
		{D454CCF2-86D9-44D7-82EA-F47BAB5A381A} = {E4B42FC3-28F5-428E-B157-EA123407FC71}
		{F8538CAE-7E9C-4EF5-A38F-339146E791FD} = {E4B42FC3-28F5-428E-B157-EA123407FC71}
		{CCB217E3-E6C5-46B3-A433-F2CF1160E283} = {E4B42FC3-28F5-428E-B157-EA123407FC71}
	EndGlobalSection
	GlobalSection(ExtensibilityGlobals) = postSolution
		SolutionGuid = {2F193AA9-E583-4C10-9DF3-8ABAF5532D69}
	EndGlobalSection
EndGlobal
